// !$*UTF8*$!
{
	archiveVersion = 1;
	classes = {
	};
	objectVersion = 55;
	objects = {

/* Begin PBXBuildFile section */
		F7A6936C285A0096006B75ED /* Starships.swift in Sources */ = {isa = PBXBuildFile; fileRef = F7A6936B285A0096006B75ED /* Starships.swift */; };
		F7A6936E285A00F9006B75ED /* Starship.swift in Sources */ = {isa = PBXBuildFile; fileRef = F7A6936D285A00F9006B75ED /* Starship.swift */; };
		F7A69371285A031A006B75ED /* StartTableViewController.swift in Sources */ = {isa = PBXBuildFile; fileRef = F7A69370285A031A006B75ED /* StartTableViewController.swift */; };
		F7A69373285A054C006B75ED /* Films.swift in Sources */ = {isa = PBXBuildFile; fileRef = F7A69372285A054C006B75ED /* Films.swift */; };
		F7A69375285A0569006B75ED /* Film.swift in Sources */ = {isa = PBXBuildFile; fileRef = F7A69374285A0569006B75ED /* Film.swift */; };
		F7A69378285B405D006B75ED /* NetworkManager.swift in Sources */ = {isa = PBXBuildFile; fileRef = F7A69377285B405D006B75ED /* NetworkManager.swift */; };
		F7D913FA2858B7C7002CEF00 /* AppDelegate.swift in Sources */ = {isa = PBXBuildFile; fileRef = F7D913F92858B7C7002CEF00 /* AppDelegate.swift */; };
		F7D913FC2858B7C7002CEF00 /* SceneDelegate.swift in Sources */ = {isa = PBXBuildFile; fileRef = F7D913FB2858B7C7002CEF00 /* SceneDelegate.swift */; };
		F7D914012858B7C7002CEF00 /* Main.storyboard in Resources */ = {isa = PBXBuildFile; fileRef = F7D913FF2858B7C7002CEF00 /* Main.storyboard */; };
		F7D914032858B7C8002CEF00 /* Assets.xcassets in Resources */ = {isa = PBXBuildFile; fileRef = F7D914022858B7C8002CEF00 /* Assets.xcassets */; };
		F7D914062858B7C8002CEF00 /* LaunchScreen.storyboard in Resources */ = {isa = PBXBuildFile; fileRef = F7D914042858B7C8002CEF00 /* LaunchScreen.storyboard */; };
		F7D9140F2858B80B002CEF00 /* Alamofire in Frameworks */ = {isa = PBXBuildFile; productRef = F7D9140E2858B80B002CEF00 /* Alamofire */; };
/* End PBXBuildFile section */

/* Begin PBXFileReference section */
		F7A6936B285A0096006B75ED /* Starships.swift */ = {isa = PBXFileReference; lastKnownFileType = sourcecode.swift; path = Starships.swift; sourceTree = "<group>"; };
		F7A6936D285A00F9006B75ED /* Starship.swift */ = {isa = PBXFileReference; lastKnownFileType = sourcecode.swift; path = Starship.swift; sourceTree = "<group>"; };
		F7A69370285A031A006B75ED /* StartTableViewController.swift */ = {isa = PBXFileReference; lastKnownFileType = sourcecode.swift; path = StartTableViewController.swift; sourceTree = "<group>"; };
		F7A69372285A054C006B75ED /* Films.swift */ = {isa = PBXFileReference; lastKnownFileType = sourcecode.swift; path = Films.swift; sourceTree = "<group>"; };
		F7A69374285A0569006B75ED /* Film.swift */ = {isa = PBXFileReference; lastKnownFileType = sourcecode.swift; path = Film.swift; sourceTree = "<group>"; };
		F7A69377285B405D006B75ED /* NetworkManager.swift */ = {isa = PBXFileReference; lastKnownFileType = sourcecode.swift; path = NetworkManager.swift; sourceTree = "<group>"; };
		F7D913F62858B7C7002CEF00 /* AlamofireApp.app */ = {isa = PBXFileReference; explicitFileType = wrapper.application; includeInIndex = 0; path = AlamofireApp.app; sourceTree = BUILT_PRODUCTS_DIR; };
		F7D913F92858B7C7002CEF00 /* AppDelegate.swift */ = {isa = PBXFileReference; lastKnownFileType = sourcecode.swift; path = AppDelegate.swift; sourceTree = "<group>"; };
		F7D913FB2858B7C7002CEF00 /* SceneDelegate.swift */ = {isa = PBXFileReference; lastKnownFileType = sourcecode.swift; path = SceneDelegate.swift; sourceTree = "<group>"; };
		F7D914002858B7C7002CEF00 /* Base */ = {isa = PBXFileReference; lastKnownFileType = file.storyboard; name = Base; path = Base.lproj/Main.storyboard; sourceTree = "<group>"; };
		F7D914022858B7C8002CEF00 /* Assets.xcassets */ = {isa = PBXFileReference; lastKnownFileType = folder.assetcatalog; path = Assets.xcassets; sourceTree = "<group>"; };
		F7D914052858B7C8002CEF00 /* Base */ = {isa = PBXFileReference; lastKnownFileType = file.storyboard; name = Base; path = Base.lproj/LaunchScreen.storyboard; sourceTree = "<group>"; };
		F7D914072858B7C8002CEF00 /* Info.plist */ = {isa = PBXFileReference; lastKnownFileType = text.plist.xml; path = Info.plist; sourceTree = "<group>"; };
/* End PBXFileReference section */

/* Begin PBXFrameworksBuildPhase section */
		F7D913F32858B7C7002CEF00 /* Frameworks */ = {
			isa = PBXFrameworksBuildPhase;
			buildActionMask = 2147483647;
			files = (
				F7D9140F2858B80B002CEF00 /* Alamofire in Frameworks */,
			);
			runOnlyForDeploymentPostprocessing = 0;
		};
/* End PBXFrameworksBuildPhase section */

/* Begin PBXGroup section */
		F7A693692859F9BE006B75ED /* Resources */ = {
			isa = PBXGroup;
			children = (
				F7D914022858B7C8002CEF00 /* Assets.xcassets */,
			);
			path = Resources;
			sourceTree = "<group>";
		};
		F7A6936F285A0190006B75ED /* Services */ = {
			isa = PBXGroup;
			children = (
				F7A69377285B405D006B75ED /* NetworkManager.swift */,
			);
			name = Services;
			sourceTree = "<group>";
		};
		F7A69376285A05AE006B75ED /* Models */ = {
			isa = PBXGroup;
			children = (
				F7A69372285A054C006B75ED /* Films.swift */,
				F7A6936B285A0096006B75ED /* Starships.swift */,
				F7A6936D285A00F9006B75ED /* Starship.swift */,
				F7A69374285A0569006B75ED /* Film.swift */,
			);
			path = Models;
			sourceTree = "<group>";
		};
		F7D913ED2858B7C7002CEF00 = {
			isa = PBXGroup;
			children = (
				F7D913F82858B7C7002CEF00 /* AlamofireApp */,
				F7D913F72858B7C7002CEF00 /* Products */,
			);
			sourceTree = "<group>";
		};
		F7D913F72858B7C7002CEF00 /* Products */ = {
			isa = PBXGroup;
			children = (
				F7D913F62858B7C7002CEF00 /* AlamofireApp.app */,
			);
			name = Products;
			sourceTree = "<group>";
		};
		F7D913F82858B7C7002CEF00 /* AlamofireApp */ = {
			isa = PBXGroup;
			children = (
				F7A693692859F9BE006B75ED /* Resources */,
				F7A69376285A05AE006B75ED /* Models */,
				F7A6936F285A0190006B75ED /* Services */,
				F7D914112858B834002CEF00 /* App */,
				F7D914122858B951002CEF00 /* ViewContorollers */,
				F7D914102858B823002CEF00 /* Storyboards */,
			);
			path = AlamofireApp;
			sourceTree = "<group>";
		};
		F7D914102858B823002CEF00 /* Storyboards */ = {
			isa = PBXGroup;
			children = (
				F7D914042858B7C8002CEF00 /* LaunchScreen.storyboard */,
				F7D913FF2858B7C7002CEF00 /* Main.storyboard */,
			);
			path = Storyboards;
			sourceTree = "<group>";
		};
		F7D914112858B834002CEF00 /* App */ = {
			isa = PBXGroup;
			children = (
				F7D913F92858B7C7002CEF00 /* AppDelegate.swift */,
				F7D913FB2858B7C7002CEF00 /* SceneDelegate.swift */,
				F7D914072858B7C8002CEF00 /* Info.plist */,
			);
			path = App;
			sourceTree = "<group>";
		};
		F7D914122858B951002CEF00 /* ViewContorollers */ = {
			isa = PBXGroup;
			children = (
				F7A69370285A031A006B75ED /* StartTableViewController.swift */,
			);
			path = ViewContorollers;
			sourceTree = "<group>";
		};
/* End PBXGroup section */

/* Begin PBXNativeTarget section */
		F7D913F52858B7C7002CEF00 /* AlamofireApp */ = {
			isa = PBXNativeTarget;
			buildConfigurationList = F7D9140A2858B7C8002CEF00 /* Build configuration list for PBXNativeTarget "AlamofireApp" */;
			buildPhases = (
				F7D913F22858B7C7002CEF00 /* Sources */,
				F7D913F32858B7C7002CEF00 /* Frameworks */,
				F7D913F42858B7C7002CEF00 /* Resources */,
			);
			buildRules = (
			);
			dependencies = (
			);
			name = AlamofireApp;
			packageProductDependencies = (
				F7D9140E2858B80B002CEF00 /* Alamofire */,
			);
			productName = AlamofireApp;
			productReference = F7D913F62858B7C7002CEF00 /* AlamofireApp.app */;
			productType = "com.apple.product-type.application";
		};
/* End PBXNativeTarget section */

/* Begin PBXProject section */
		F7D913EE2858B7C7002CEF00 /* Project object */ = {
			isa = PBXProject;
			attributes = {
				BuildIndependentTargetsInParallel = 1;
				LastSwiftUpdateCheck = 1340;
				LastUpgradeCheck = 1340;
				TargetAttributes = {
					F7D913F52858B7C7002CEF00 = {
						CreatedOnToolsVersion = 13.4.1;
					};
				};
			};
			buildConfigurationList = F7D913F12858B7C7002CEF00 /* Build configuration list for PBXProject "AlamofireApp" */;
			compatibilityVersion = "Xcode 13.0";
			developmentRegion = en;
			hasScannedForEncodings = 0;
			knownRegions = (
				en,
				Base,
			);
			mainGroup = F7D913ED2858B7C7002CEF00;
			packageReferences = (
				F7D9140D2858B80B002CEF00 /* XCRemoteSwiftPackageReference "Alamofire" */,
			);
			productRefGroup = F7D913F72858B7C7002CEF00 /* Products */;
			projectDirPath = "";
			projectRoot = "";
			targets = (
				F7D913F52858B7C7002CEF00 /* AlamofireApp */,
			);
		};
/* End PBXProject section */

/* Begin PBXResourcesBuildPhase section */
		F7D913F42858B7C7002CEF00 /* Resources */ = {
			isa = PBXResourcesBuildPhase;
			buildActionMask = 2147483647;
			files = (
				F7D914062858B7C8002CEF00 /* LaunchScreen.storyboard in Resources */,
				F7D914032858B7C8002CEF00 /* Assets.xcassets in Resources */,
				F7D914012858B7C7002CEF00 /* Main.storyboard in Resources */,
			);
			runOnlyForDeploymentPostprocessing = 0;
		};
/* End PBXResourcesBuildPhase section */

/* Begin PBXSourcesBuildPhase section */
		F7D913F22858B7C7002CEF00 /* Sources */ = {
			isa = PBXSourcesBuildPhase;
			buildActionMask = 2147483647;
			files = (
				F7A6936E285A00F9006B75ED /* Starship.swift in Sources */,
				F7A69373285A054C006B75ED /* Films.swift in Sources */,
				F7D913FA2858B7C7002CEF00 /* AppDelegate.swift in Sources */,
				F7D913FC2858B7C7002CEF00 /* SceneDelegate.swift in Sources */,
				F7A69378285B405D006B75ED /* NetworkManager.swift in Sources */,
				F7A69371285A031A006B75ED /* StartTableViewController.swift in Sources */,
				F7A6936C285A0096006B75ED /* Starships.swift in Sources */,
				F7A69375285A0569006B75ED /* Film.swift in Sources */,
			);
			runOnlyForDeploymentPostprocessing = 0;
		};
/* End PBXSourcesBuildPhase section */

/* Begin PBXVariantGroup section */
		F7D913FF2858B7C7002CEF00 /* Main.storyboard */ = {
			isa = PBXVariantGroup;
			children = (
				F7D914002858B7C7002CEF00 /* Base */,
			);
			name = Main.storyboard;
			sourceTree = "<group>";
		};
		F7D914042858B7C8002CEF00 /* LaunchScreen.storyboard */ = {
			isa = PBXVariantGroup;
			children = (
				F7D914052858B7C8002CEF00 /* Base */,
			);
			name = LaunchScreen.storyboard;
			sourceTree = "<group>";
		};
/* End PBXVariantGroup section */

/* Begin XCBuildConfiguration section */
		F7D914082858B7C8002CEF00 /* Debug */ = {
			isa = XCBuildConfiguration;
			buildSettings = {
				ALWAYS_SEARCH_USER_PATHS = NO;
				CLANG_ANALYZER_NONNULL = YES;
				CLANG_ANALYZER_NUMBER_OBJECT_CONVERSION = YES_AGGRESSIVE;
				CLANG_CXX_LANGUAGE_STANDARD = "gnu++17";
				CLANG_ENABLE_MODULES = YES;
				CLANG_ENABLE_OBJC_ARC = YES;
				CLANG_ENABLE_OBJC_WEAK = YES;
				CLANG_WARN_BLOCK_CAPTURE_AUTORELEASING = YES;
				CLANG_WARN_BOOL_CONVERSION = YES;
				CLANG_WARN_COMMA = YES;
				CLANG_WARN_CONSTANT_CONVERSION = YES;
				CLANG_WARN_DEPRECATED_OBJC_IMPLEMENTATIONS = YES;
				CLANG_WARN_DIRECT_OBJC_ISA_USAGE = YES_ERROR;
				CLANG_WARN_DOCUMENTATION_COMMENTS = YES;
				CLANG_WARN_EMPTY_BODY = YES;
				CLANG_WARN_ENUM_CONVERSION = YES;
				CLANG_WARN_INFINITE_RECURSION = YES;
				CLANG_WARN_INT_CONVERSION = YES;
				CLANG_WARN_NON_LITERAL_NULL_CONVERSION = YES;
				CLANG_WARN_OBJC_IMPLICIT_RETAIN_SELF = YES;
				CLANG_WARN_OBJC_LITERAL_CONVERSION = YES;
				CLANG_WARN_OBJC_ROOT_CLASS = YES_ERROR;
				CLANG_WARN_QUOTED_INCLUDE_IN_FRAMEWORK_HEADER = YES;
				CLANG_WARN_RANGE_LOOP_ANALYSIS = YES;
				CLANG_WARN_STRICT_PROTOTYPES = YES;
				CLANG_WARN_SUSPICIOUS_MOVE = YES;
				CLANG_WARN_UNGUARDED_AVAILABILITY = YES_AGGRESSIVE;
				CLANG_WARN_UNREACHABLE_CODE = YES;
				CLANG_WARN__DUPLICATE_METHOD_MATCH = YES;
				COPY_PHASE_STRIP = NO;
				DEBUG_INFORMATION_FORMAT = dwarf;
				ENABLE_STRICT_OBJC_MSGSEND = YES;
				ENABLE_TESTABILITY = YES;
				GCC_C_LANGUAGE_STANDARD = gnu11;
				GCC_DYNAMIC_NO_PIC = NO;
				GCC_NO_COMMON_BLOCKS = YES;
				GCC_OPTIMIZATION_LEVEL = 0;
				GCC_PREPROCESSOR_DEFINITIONS = (
					"DEBUG=1",
					"$(inherited)",
				);
				GCC_WARN_64_TO_32_BIT_CONVERSION = YES;
				GCC_WARN_ABOUT_RETURN_TYPE = YES_ERROR;
				GCC_WARN_UNDECLARED_SELECTOR = YES;
				GCC_WARN_UNINITIALIZED_AUTOS = YES_AGGRESSIVE;
				GCC_WARN_UNUSED_FUNCTION = YES;
				GCC_WARN_UNUSED_VARIABLE = YES;
				IPHONEOS_DEPLOYMENT_TARGET = 15.5;
				MTL_ENABLE_DEBUG_INFO = INCLUDE_SOURCE;
				MTL_FAST_MATH = YES;
				ONLY_ACTIVE_ARCH = YES;
				SDKROOT = iphoneos;
				SWIFT_ACTIVE_COMPILATION_CONDITIONS = DEBUG;
				SWIFT_OPTIMIZATION_LEVEL = "-Onone";
			};
			name = Debug;
		};
		F7D914092858B7C8002CEF00 /* Release */ = {
			isa = XCBuildConfiguration;
			buildSettings = {
				ALWAYS_SEARCH_USER_PATHS = NO;
				CLANG_ANALYZER_NONNULL = YES;
				CLANG_ANALYZER_NUMBER_OBJECT_CONVERSION = YES_AGGRESSIVE;
				CLANG_CXX_LANGUAGE_STANDARD = "gnu++17";
				CLANG_ENABLE_MODULES = YES;
				CLANG_ENABLE_OBJC_ARC = YES;
				CLANG_ENABLE_OBJC_WEAK = YES;
				CLANG_WARN_BLOCK_CAPTURE_AUTORELEASING = YES;
				CLANG_WARN_BOOL_CONVERSION = YES;
				CLANG_WARN_COMMA = YES;
				CLANG_WARN_CONSTANT_CONVERSION = YES;
				CLANG_WARN_DEPRECATED_OBJC_IMPLEMENTATIONS = YES;
				CLANG_WARN_DIRECT_OBJC_ISA_USAGE = YES_ERROR;
				CLANG_WARN_DOCUMENTATION_COMMENTS = YES;
				CLANG_WARN_EMPTY_BODY = YES;
				CLANG_WARN_ENUM_CONVERSION = YES;
				CLANG_WARN_INFINITE_RECURSION = YES;
				CLANG_WARN_INT_CONVERSION = YES;
				CLANG_WARN_NON_LITERAL_NULL_CONVERSION = YES;
				CLANG_WARN_OBJC_IMPLICIT_RETAIN_SELF = YES;
				CLANG_WARN_OBJC_LITERAL_CONVERSION = YES;
				CLANG_WARN_OBJC_ROOT_CLASS = YES_ERROR;
				CLANG_WARN_QUOTED_INCLUDE_IN_FRAMEWORK_HEADER = YES;
				CLANG_WARN_RANGE_LOOP_ANALYSIS = YES;
				CLANG_WARN_STRICT_PROTOTYPES = YES;
				CLANG_WARN_SUSPICIOUS_MOVE = YES;
				CLANG_WARN_UNGUARDED_AVAILABILITY = YES_AGGRESSIVE;
				CLANG_WARN_UNREACHABLE_CODE = YES;
				CLANG_WARN__DUPLICATE_METHOD_MATCH = YES;
				COPY_PHASE_STRIP = NO;
				DEBUG_INFORMATION_FORMAT = "dwarf-with-dsym";
				ENABLE_NS_ASSERTIONS = NO;
				ENABLE_STRICT_OBJC_MSGSEND = YES;
				GCC_C_LANGUAGE_STANDARD = gnu11;
				GCC_NO_COMMON_BLOCKS = YES;
				GCC_WARN_64_TO_32_BIT_CONVERSION = YES;
				GCC_WARN_ABOUT_RETURN_TYPE = YES_ERROR;
				GCC_WARN_UNDECLARED_SELECTOR = YES;
				GCC_WARN_UNINITIALIZED_AUTOS = YES_AGGRESSIVE;
				GCC_WARN_UNUSED_FUNCTION = YES;
				GCC_WARN_UNUSED_VARIABLE = YES;
				IPHONEOS_DEPLOYMENT_TARGET = 15.5;
				MTL_ENABLE_DEBUG_INFO = NO;
				MTL_FAST_MATH = YES;
				SDKROOT = iphoneos;
				SWIFT_COMPILATION_MODE = wholemodule;
				SWIFT_OPTIMIZATION_LEVEL = "-O";
				VALIDATE_PRODUCT = YES;
			};
			name = Release;
		};
		F7D9140B2858B7C8002CEF00 /* Debug */ = {
			isa = XCBuildConfiguration;
			buildSettings = {
				ASSETCATALOG_COMPILER_APPICON_NAME = AppIcon;
				ASSETCATALOG_COMPILER_GLOBAL_ACCENT_COLOR_NAME = AccentColor;
				CODE_SIGN_STYLE = Automatic;
				CURRENT_PROJECT_VERSION = 1;
				DEVELOPMENT_TEAM = ASKBC27NSG;
				GENERATE_INFOPLIST_FILE = YES;
				INFOPLIST_FILE = AlamofireApp/App/Info.plist;
				INFOPLIST_KEY_UIApplicationSupportsIndirectInputEvents = YES;
				INFOPLIST_KEY_UILaunchStoryboardName = LaunchScreen;
				INFOPLIST_KEY_UIMainStoryboardFile = Main;
				INFOPLIST_KEY_UISupportedInterfaceOrientations = UIInterfaceOrientationPortrait;
				INFOPLIST_KEY_UISupportedInterfaceOrientations_iPad = "UIInterfaceOrientationPortrait UIInterfaceOrientationPortraitUpsideDown UIInterfaceOrientationLandscapeLeft UIInterfaceOrientationLandscapeRight";
				INFOPLIST_KEY_UISupportedInterfaceOrientations_iPhone = "UIInterfaceOrientationPortrait UIInterfaceOrientationLandscapeLeft UIInterfaceOrientationLandscapeRight";
				LD_RUNPATH_SEARCH_PATHS = (
					"$(inherited)",
					"@executable_path/Frameworks",
				);
				MARKETING_VERSION = 1.0;
				PRODUCT_BUNDLE_IDENTIFIER = com.maximsamus.AlamofireApp;
				PRODUCT_NAME = "$(TARGET_NAME)";
				SWIFT_EMIT_LOC_STRINGS = YES;
				SWIFT_VERSION = 5.0;
				TARGETED_DEVICE_FAMILY = 1;
			};
			name = Debug;
		};
		F7D9140C2858B7C8002CEF00 /* Release */ = {
			isa = XCBuildConfiguration;
			buildSettings = {
				ASSETCATALOG_COMPILER_APPICON_NAME = AppIcon;
				ASSETCATALOG_COMPILER_GLOBAL_ACCENT_COLOR_NAME = AccentColor;
				CODE_SIGN_STYLE = Automatic;
				CURRENT_PROJECT_VERSION = 1;
				DEVELOPMENT_TEAM = ASKBC27NSG;
				GENERATE_INFOPLIST_FILE = YES;
				INFOPLIST_FILE = AlamofireApp/App/Info.plist;
				INFOPLIST_KEY_UIApplicationSupportsIndirectInputEvents = YES;
				INFOPLIST_KEY_UILaunchStoryboardName = LaunchScreen;
				INFOPLIST_KEY_UIMainStoryboardFile = Main;
				INFOPLIST_KEY_UISupportedInterfaceOrientations = UIInterfaceOrientationPortrait;
				INFOPLIST_KEY_UISupportedInterfaceOrientations_iPad = "UIInterfaceOrientationPortrait UIInterfaceOrientationPortraitUpsideDown UIInterfaceOrientationLandscapeLeft UIInterfaceOrientationLandscapeRight";
				INFOPLIST_KEY_UISupportedInterfaceOrientations_iPhone = "UIInterfaceOrientationPortrait UIInterfaceOrientationLandscapeLeft UIInterfaceOrientationLandscapeRight";
				LD_RUNPATH_SEARCH_PATHS = (
					"$(inherited)",
					"@executable_path/Frameworks",
				);
				MARKETING_VERSION = 1.0;
				PRODUCT_BUNDLE_IDENTIFIER = com.maximsamus.AlamofireApp;
				PRODUCT_NAME = "$(TARGET_NAME)";
				SWIFT_EMIT_LOC_STRINGS = YES;
				SWIFT_VERSION = 5.0;
				TARGETED_DEVICE_FAMILY = 1;
			};
			name = Release;
		};
/* End XCBuildConfiguration section */

/* Begin XCConfigurationList section */
		F7D913F12858B7C7002CEF00 /* Build configuration list for PBXProject "AlamofireApp" */ = {
			isa = XCConfigurationList;
			buildConfigurations = (
				F7D914082858B7C8002CEF00 /* Debug */,
				F7D914092858B7C8002CEF00 /* Release */,
			);
			defaultConfigurationIsVisible = 0;
			defaultConfigurationName = Release;
		};
		F7D9140A2858B7C8002CEF00 /* Build configuration list for PBXNativeTarget "AlamofireApp" */ = {
			isa = XCConfigurationList;
			buildConfigurations = (
				F7D9140B2858B7C8002CEF00 /* Debug */,
				F7D9140C2858B7C8002CEF00 /* Release */,
			);
			defaultConfigurationIsVisible = 0;
			defaultConfigurationName = Release;
		};
/* End XCConfigurationList section */

/* Begin XCRemoteSwiftPackageReference section */
		F7D9140D2858B80B002CEF00 /* XCRemoteSwiftPackageReference "Alamofire" */ = {
			isa = XCRemoteSwiftPackageReference;
			repositoryURL = "https://github.com/Alamofire/Alamofire.git";
			requirement = {
				branch = master;
				kind = branch;
			};
		};
/* End XCRemoteSwiftPackageReference section */

/* Begin XCSwiftPackageProductDependency section */
		F7D9140E2858B80B002CEF00 /* Alamofire */ = {
			isa = XCSwiftPackageProductDependency;
			package = F7D9140D2858B80B002CEF00 /* XCRemoteSwiftPackageReference "Alamofire" */;
			productName = Alamofire;
		};
/* End XCSwiftPackageProductDependency section */
	};
	rootObject = F7D913EE2858B7C7002CEF00 /* Project object */;
}
